
Microsoft Visual Studio Solution File, Format Version 12.00
# Visual Studio 15
VisualStudioVersion = 15.0.28010.2016
MinimumVisualStudioVersion = 10.0.40219.1
Project("{FAE04EC0-301F-11D3-BF4B-00C04F79EFBC}") = "RiceCooker.Desktop", "RiceCooker.Desktop\RiceCooker.Desktop.csproj", "{A94DD4AF-7B4C-4F95-BE96-AE7A38741CAA}"
EndProject
Project("{FAE04EC0-301F-11D3-BF4B-00C04F79EFBC}") = "RiceCooker.Core", "RiceCooker.Core\RiceCooker.Core.csproj", "{F492D93A-FE2F-4A77-83AD-A303C1F9BFD4}"
EndProject
Global
	GlobalSection(SolutionConfigurationPlatforms) = preSolution
		Debug|Any CPU = Debug|Any CPU
		Release|Any CPU = Release|Any CPU
	EndGlobalSection
	GlobalSection(ProjectConfigurationPlatforms) = postSolution
		{A94DD4AF-7B4C-4F95-BE96-AE7A38741CAA}.Debug|Any CPU.ActiveCfg = Debug|Any CPU
		{A94DD4AF-7B4C-4F95-BE96-AE7A38741CAA}.Debug|Any CPU.Build.0 = Debug|Any CPU
		{A94DD4AF-7B4C-4F95-BE96-AE7A38741CAA}.Release|Any CPU.ActiveCfg = Release|Any CPU
		{A94DD4AF-7B4C-4F95-BE96-AE7A38741CAA}.Release|Any CPU.Build.0 = Release|Any CPU
		{F492D93A-FE2F-4A77-83AD-A303C1F9BFD4}.Debug|Any CPU.ActiveCfg = Debug|Any CPU
		{F492D93A-FE2F-4A77-83AD-A303C1F9BFD4}.Debug|Any CPU.Build.0 = Debug|Any CPU
		{F492D93A-FE2F-4A77-83AD-A303C1F9BFD4}.Release|Any CPU.ActiveCfg = Release|Any CPU
		{F492D93A-FE2F-4A77-83AD-A303C1F9BFD4}.Release|Any CPU.Build.0 = Release|Any CPU
	EndGlobalSection
	GlobalSection(SolutionProperties) = preSolution
		HideSolutionNode = FALSE
	EndGlobalSection
	GlobalSection(ExtensibilityGlobals) = postSolution
		SolutionGuid = {6F195A17-FF28-459C-A798-E89553EB570D}
	EndGlobalSection
EndGlobal
